
Microsoft Visual Studio Solution File, Format Version 12.00
# Visual Studio Version 16
VisualStudioVersion = 16.0.29709.97
MinimumVisualStudioVersion = 10.0.40219.1
Project("{9A19103F-16F7-4668-BE54-9A1E7A4F7556}") = "DevIO.Business", "src\DevIO.Business\DevIO.Business.csproj", "{9CB85F84-A452-4A11-A576-64A5D685260E}"
EndProject
Project("{9A19103F-16F7-4668-BE54-9A1E7A4F7556}") = "DevIO.Data", "src\DevIO.Data\DevIO.Data.csproj", "{F8B59158-7ED7-4FC5-B72D-1C857298F5D2}"
EndProject
Project("{9A19103F-16F7-4668-BE54-9A1E7A4F7556}") = "DevIO.Api", "src\DevIO.Api\DevIO.Api.csproj", "{394F06A2-563C-4330-A168-7CF1CAA1FCC7}"
EndProject
Global
	GlobalSection(SolutionConfigurationPlatforms) = preSolution
		Debug|Any CPU = Debug|Any CPU
		Release|Any CPU = Release|Any CPU
	EndGlobalSection
	GlobalSection(ProjectConfigurationPlatforms) = postSolution
		{9CB85F84-A452-4A11-A576-64A5D685260E}.Debug|Any CPU.ActiveCfg = Debug|Any CPU
		{9CB85F84-A452-4A11-A576-64A5D685260E}.Debug|Any CPU.Build.0 = Debug|Any CPU
		{9CB85F84-A452-4A11-A576-64A5D685260E}.Release|Any CPU.ActiveCfg = Release|Any CPU
		{9CB85F84-A452-4A11-A576-64A5D685260E}.Release|Any CPU.Build.0 = Release|Any CPU
		{F8B59158-7ED7-4FC5-B72D-1C857298F5D2}.Debug|Any CPU.ActiveCfg = Debug|Any CPU
		{F8B59158-7ED7-4FC5-B72D-1C857298F5D2}.Debug|Any CPU.Build.0 = Debug|Any CPU
		{F8B59158-7ED7-4FC5-B72D-1C857298F5D2}.Release|Any CPU.ActiveCfg = Release|Any CPU
		{F8B59158-7ED7-4FC5-B72D-1C857298F5D2}.Release|Any CPU.Build.0 = Release|Any CPU
		{394F06A2-563C-4330-A168-7CF1CAA1FCC7}.Debug|Any CPU.ActiveCfg = Debug|Any CPU
		{394F06A2-563C-4330-A168-7CF1CAA1FCC7}.Debug|Any CPU.Build.0 = Debug|Any CPU
		{394F06A2-563C-4330-A168-7CF1CAA1FCC7}.Release|Any CPU.ActiveCfg = Release|Any CPU
		{394F06A2-563C-4330-A168-7CF1CAA1FCC7}.Release|Any CPU.Build.0 = Release|Any CPU
	EndGlobalSection
	GlobalSection(SolutionProperties) = preSolution
		HideSolutionNode = FALSE
	EndGlobalSection
	GlobalSection(ExtensibilityGlobals) = postSolution
		SolutionGuid = {C52ADF74-6204-4190-8BDC-6B8B5142BA77}
	EndGlobalSection
EndGlobal
